// !$*UTF8*$!
{
	archiveVersion = 1;
	classes = {
	};
	objectVersion = 46;
	objects = {

/* Begin PBXBuildFile section */
		0CAC86BC1AD6BC6B001B6655 /* AppDelegate.swift in Sources */ = {isa = PBXBuildFile; fileRef = 0CAC86BB1AD6BC6B001B6655 /* AppDelegate.swift */; };
		0CAC86BE1AD6BC6B001B6655 /* MasterViewController.swift in Sources */ = {isa = PBXBuildFile; fileRef = 0CAC86BD1AD6BC6B001B6655 /* MasterViewController.swift */; };
		0CAC86C01AD6BC6B001B6655 /* DetailViewController.swift in Sources */ = {isa = PBXBuildFile; fileRef = 0CAC86BF1AD6BC6B001B6655 /* DetailViewController.swift */; };
		0CAC86C31AD6BC6B001B6655 /* Main.storyboard in Resources */ = {isa = PBXBuildFile; fileRef = 0CAC86C11AD6BC6B001B6655 /* Main.storyboard */; };
		0CAC86C51AD6BC6B001B6655 /* Images.xcassets in Resources */ = {isa = PBXBuildFile; fileRef = 0CAC86C41AD6BC6B001B6655 /* Images.xcassets */; };
		0CAC86C81AD6BC6B001B6655 /* LaunchScreen.xib in Resources */ = {isa = PBXBuildFile; fileRef = 0CAC86C61AD6BC6B001B6655 /* LaunchScreen.xib */; };
		0CAC86D41AD6BC6C001B6655 /* Student_aan_Huis_AppTests.swift in Sources */ = {isa = PBXBuildFile; fileRef = 0CAC86D31AD6BC6C001B6655 /* Student_aan_Huis_AppTests.swift */; };
		0CAC86DE1AD6C7DA001B6655 /* LoginViewController.swift in Sources */ = {isa = PBXBuildFile; fileRef = 0CAC86DD1AD6C7DA001B6655 /* LoginViewController.swift */; };
/* End PBXBuildFile section */

/* Begin PBXContainerItemProxy section */
		0CAC86CE1AD6BC6C001B6655 /* PBXContainerItemProxy */ = {
			isa = PBXContainerItemProxy;
			containerPortal = 0CAC86AE1AD6BC6B001B6655 /* Project object */;
			proxyType = 1;
			remoteGlobalIDString = 0CAC86B51AD6BC6B001B6655;
			remoteInfo = "Student aan Huis App";
		};
/* End PBXContainerItemProxy section */

/* Begin PBXFileReference section */
		0CAC86B61AD6BC6B001B6655 /* Student aan Huis App.app */ = {isa = PBXFileReference; explicitFileType = wrapper.application; includeInIndex = 0; path = "Student aan Huis App.app"; sourceTree = BUILT_PRODUCTS_DIR; };
		0CAC86BA1AD6BC6B001B6655 /* Info.plist */ = {isa = PBXFileReference; lastKnownFileType = text.plist.xml; path = Info.plist; sourceTree = "<group>"; };
		0CAC86BB1AD6BC6B001B6655 /* AppDelegate.swift */ = {isa = PBXFileReference; lastKnownFileType = sourcecode.swift; path = AppDelegate.swift; sourceTree = "<group>"; };
		0CAC86BD1AD6BC6B001B6655 /* MasterViewController.swift */ = {isa = PBXFileReference; lastKnownFileType = sourcecode.swift; path = MasterViewController.swift; sourceTree = "<group>"; };
		0CAC86BF1AD6BC6B001B6655 /* DetailViewController.swift */ = {isa = PBXFileReference; lastKnownFileType = sourcecode.swift; path = DetailViewController.swift; sourceTree = "<group>"; };
		0CAC86C21AD6BC6B001B6655 /* Base */ = {isa = PBXFileReference; lastKnownFileType = file.storyboard; name = Base; path = Base.lproj/Main.storyboard; sourceTree = "<group>"; };
		0CAC86C41AD6BC6B001B6655 /* Images.xcassets */ = {isa = PBXFileReference; lastKnownFileType = folder.assetcatalog; path = Images.xcassets; sourceTree = "<group>"; };
		0CAC86C71AD6BC6B001B6655 /* Base */ = {isa = PBXFileReference; lastKnownFileType = file.xib; name = Base; path = Base.lproj/LaunchScreen.xib; sourceTree = "<group>"; };
		0CAC86CD1AD6BC6C001B6655 /* Student aan Huis AppTests.xctest */ = {isa = PBXFileReference; explicitFileType = wrapper.cfbundle; includeInIndex = 0; path = "Student aan Huis AppTests.xctest"; sourceTree = BUILT_PRODUCTS_DIR; };
		0CAC86D21AD6BC6C001B6655 /* Info.plist */ = {isa = PBXFileReference; lastKnownFileType = text.plist.xml; path = Info.plist; sourceTree = "<group>"; };
		0CAC86D31AD6BC6C001B6655 /* Student_aan_Huis_AppTests.swift */ = {isa = PBXFileReference; lastKnownFileType = sourcecode.swift; path = Student_aan_Huis_AppTests.swift; sourceTree = "<group>"; };
		0CAC86DD1AD6C7DA001B6655 /* LoginViewController.swift */ = {isa = PBXFileReference; fileEncoding = 4; lastKnownFileType = sourcecode.swift; path = LoginViewController.swift; sourceTree = "<group>"; };
/* End PBXFileReference section */

/* Begin PBXFrameworksBuildPhase section */
		0CAC86B31AD6BC6B001B6655 /* Frameworks */ = {
			isa = PBXFrameworksBuildPhase;
			buildActionMask = 2147483647;
			files = (
			);
			runOnlyForDeploymentPostprocessing = 0;
		};
		0CAC86CA1AD6BC6C001B6655 /* Frameworks */ = {
			isa = PBXFrameworksBuildPhase;
			buildActionMask = 2147483647;
			files = (
			);
			runOnlyForDeploymentPostprocessing = 0;
		};
/* End PBXFrameworksBuildPhase section */

/* Begin PBXGroup section */
		0CAC86AD1AD6BC6B001B6655 = {
			isa = PBXGroup;
			children = (
				0CAC86B81AD6BC6B001B6655 /* Student aan Huis App */,
				0CAC86D01AD6BC6C001B6655 /* Student aan Huis AppTests */,
				0CAC86B71AD6BC6B001B6655 /* Products */,
			);
			sourceTree = "<group>";
		};
		0CAC86B71AD6BC6B001B6655 /* Products */ = {
			isa = PBXGroup;
			children = (
				0CAC86B61AD6BC6B001B6655 /* Student aan Huis App.app */,
				0CAC86CD1AD6BC6C001B6655 /* Student aan Huis AppTests.xctest */,
			);
			name = Products;
			sourceTree = "<group>";
		};
		0CAC86B81AD6BC6B001B6655 /* Student aan Huis App */ = {
			isa = PBXGroup;
			children = (
				0CAC86BB1AD6BC6B001B6655 /* AppDelegate.swift */,
				0CAC86BD1AD6BC6B001B6655 /* MasterViewController.swift */,
				0CAC86BF1AD6BC6B001B6655 /* DetailViewController.swift */,
				0CAC86DD1AD6C7DA001B6655 /* LoginViewController.swift */,
				0CAC86C11AD6BC6B001B6655 /* Main.storyboard */,
				0CAC86C41AD6BC6B001B6655 /* Images.xcassets */,
				0CAC86C61AD6BC6B001B6655 /* LaunchScreen.xib */,
				0CAC86B91AD6BC6B001B6655 /* Supporting Files */,
			);
			path = "Student aan Huis App";
			sourceTree = "<group>";
		};
		0CAC86B91AD6BC6B001B6655 /* Supporting Files */ = {
			isa = PBXGroup;
			children = (
				0CAC86BA1AD6BC6B001B6655 /* Info.plist */,
			);
			name = "Supporting Files";
			sourceTree = "<group>";
		};
		0CAC86D01AD6BC6C001B6655 /* Student aan Huis AppTests */ = {
			isa = PBXGroup;
			children = (
				0CAC86D31AD6BC6C001B6655 /* Student_aan_Huis_AppTests.swift */,
				0CAC86D11AD6BC6C001B6655 /* Supporting Files */,
			);
			path = "Student aan Huis AppTests";
			sourceTree = "<group>";
		};
		0CAC86D11AD6BC6C001B6655 /* Supporting Files */ = {
			isa = PBXGroup;
			children = (
				0CAC86D21AD6BC6C001B6655 /* Info.plist */,
			);
			name = "Supporting Files";
			sourceTree = "<group>";
		};
/* End PBXGroup section */

/* Begin PBXNativeTarget section */
		0CAC86B51AD6BC6B001B6655 /* Student aan Huis App */ = {
			isa = PBXNativeTarget;
			buildConfigurationList = 0CAC86D71AD6BC6C001B6655 /* Build configuration list for PBXNativeTarget "Student aan Huis App" */;
			buildPhases = (
				0CAC86B21AD6BC6B001B6655 /* Sources */,
				0CAC86B31AD6BC6B001B6655 /* Frameworks */,
				0CAC86B41AD6BC6B001B6655 /* Resources */,
			);
			buildRules = (
			);
			dependencies = (
			);
			name = "Student aan Huis App";
			productName = "Student aan Huis App";
			productReference = 0CAC86B61AD6BC6B001B6655 /* Student aan Huis App.app */;
			productType = "com.apple.product-type.application";
		};
		0CAC86CC1AD6BC6C001B6655 /* Student aan Huis AppTests */ = {
			isa = PBXNativeTarget;
			buildConfigurationList = 0CAC86DA1AD6BC6C001B6655 /* Build configuration list for PBXNativeTarget "Student aan Huis AppTests" */;
			buildPhases = (
				0CAC86C91AD6BC6C001B6655 /* Sources */,
				0CAC86CA1AD6BC6C001B6655 /* Frameworks */,
				0CAC86CB1AD6BC6C001B6655 /* Resources */,
			);
			buildRules = (
			);
			dependencies = (
				0CAC86CF1AD6BC6C001B6655 /* PBXTargetDependency */,
			);
			name = "Student aan Huis AppTests";
			productName = "Student aan Huis AppTests";
			productReference = 0CAC86CD1AD6BC6C001B6655 /* Student aan Huis AppTests.xctest */;
			productType = "com.apple.product-type.bundle.unit-test";
		};
/* End PBXNativeTarget section */

/* Begin PBXProject section */
		0CAC86AE1AD6BC6B001B6655 /* Project object */ = {
			isa = PBXProject;
			attributes = {
				LastUpgradeCheck = 0630;
				ORGANIZATIONNAME = "Yorick van Klinken";
				TargetAttributes = {
					0CAC86B51AD6BC6B001B6655 = {
						CreatedOnToolsVersion = 6.3;
					};
					0CAC86CC1AD6BC6C001B6655 = {
						CreatedOnToolsVersion = 6.3;
						TestTargetID = 0CAC86B51AD6BC6B001B6655;
					};
				};
			};
			buildConfigurationList = 0CAC86B11AD6BC6B001B6655 /* Build configuration list for PBXProject "Student aan Huis App" */;
			compatibilityVersion = "Xcode 3.2";
			developmentRegion = English;
			hasScannedForEncodings = 0;
			knownRegions = (
				en,
				Base,
			);
			mainGroup = 0CAC86AD1AD6BC6B001B6655;
			productRefGroup = 0CAC86B71AD6BC6B001B6655 /* Products */;
			projectDirPath = "";
			projectRoot = "";
			targets = (
				0CAC86B51AD6BC6B001B6655 /* Student aan Huis App */,
				0CAC86CC1AD6BC6C001B6655 /* Student aan Huis AppTests */,
			);
		};
/* End PBXProject section */

/* Begin PBXResourcesBuildPhase section */
		0CAC86B41AD6BC6B001B6655 /* Resources */ = {
			isa = PBXResourcesBuildPhase;
			buildActionMask = 2147483647;
			files = (
				0CAC86C31AD6BC6B001B6655 /* Main.storyboard in Resources */,
				0CAC86C81AD6BC6B001B6655 /* LaunchScreen.xib in Resources */,
				0CAC86C51AD6BC6B001B6655 /* Images.xcassets in Resources */,
			);
			runOnlyForDeploymentPostprocessing = 0;
		};
		0CAC86CB1AD6BC6C001B6655 /* Resources */ = {
			isa = PBXResourcesBuildPhase;
			buildActionMask = 2147483647;
			files = (
			);
			runOnlyForDeploymentPostprocessing = 0;
		};
/* End PBXResourcesBuildPhase section */

/* Begin PBXSourcesBuildPhase section */
		0CAC86B21AD6BC6B001B6655 /* Sources */ = {
			isa = PBXSourcesBuildPhase;
			buildActionMask = 2147483647;
			files = (
				0CAC86DE1AD6C7DA001B6655 /* LoginViewController.swift in Sources */,
				0CAC86C01AD6BC6B001B6655 /* DetailViewController.swift in Sources */,
				0CAC86BE1AD6BC6B001B6655 /* MasterViewController.swift in Sources */,
				0CAC86BC1AD6BC6B001B6655 /* AppDelegate.swift in Sources */,
			);
			runOnlyForDeploymentPostprocessing = 0;
		};
		0CAC86C91AD6BC6C001B6655 /* Sources */ = {
			isa = PBXSourcesBuildPhase;
			buildActionMask = 2147483647;
			files = (
				0CAC86D41AD6BC6C001B6655 /* Student_aan_Huis_AppTests.swift in Sources */,
			);
			runOnlyForDeploymentPostprocessing = 0;
		};
/* End PBXSourcesBuildPhase section */

/* Begin PBXTargetDependency section */
		0CAC86CF1AD6BC6C001B6655 /* PBXTargetDependency */ = {
			isa = PBXTargetDependency;
			target = 0CAC86B51AD6BC6B001B6655 /* Student aan Huis App */;
			targetProxy = 0CAC86CE1AD6BC6C001B6655 /* PBXContainerItemProxy */;
		};
/* End PBXTargetDependency section */

/* Begin PBXVariantGroup section */
		0CAC86C11AD6BC6B001B6655 /* Main.storyboard */ = {
			isa = PBXVariantGroup;
			children = (
				0CAC86C21AD6BC6B001B6655 /* Base */,
			);
			name = Main.storyboard;
			sourceTree = "<group>";
		};
		0CAC86C61AD6BC6B001B6655 /* LaunchScreen.xib */ = {
			isa = PBXVariantGroup;
			children = (
				0CAC86C71AD6BC6B001B6655 /* Base */,
			);
			name = LaunchScreen.xib;
			sourceTree = "<group>";
		};
/* End PBXVariantGroup section */

/* Begin XCBuildConfiguration section */
		0CAC86D51AD6BC6C001B6655 /* Debug */ = {
			isa = XCBuildConfiguration;
			buildSettings = {
				ALWAYS_SEARCH_USER_PATHS = NO;
				CLANG_CXX_LANGUAGE_STANDARD = "gnu++0x";
				CLANG_CXX_LIBRARY = "libc++";
				CLANG_ENABLE_MODULES = YES;
				CLANG_ENABLE_OBJC_ARC = YES;
				CLANG_WARN_BOOL_CONVERSION = YES;
				CLANG_WARN_CONSTANT_CONVERSION = YES;
				CLANG_WARN_DIRECT_OBJC_ISA_USAGE = YES_ERROR;
				CLANG_WARN_EMPTY_BODY = YES;
				CLANG_WARN_ENUM_CONVERSION = YES;
				CLANG_WARN_INT_CONVERSION = YES;
				CLANG_WARN_OBJC_ROOT_CLASS = YES_ERROR;
				CLANG_WARN_UNREACHABLE_CODE = YES;
				CLANG_WARN__DUPLICATE_METHOD_MATCH = YES;
				"CODE_SIGN_IDENTITY[sdk=iphoneos*]" = "iPhone Developer";
				COPY_PHASE_STRIP = NO;
				DEBUG_INFORMATION_FORMAT = "dwarf-with-dsym";
				ENABLE_STRICT_OBJC_MSGSEND = YES;
				GCC_C_LANGUAGE_STANDARD = gnu99;
				GCC_DYNAMIC_NO_PIC = NO;
				GCC_NO_COMMON_BLOCKS = YES;
				GCC_OPTIMIZATION_LEVEL = 0;
				GCC_PREPROCESSOR_DEFINITIONS = (
					"DEBUG=1",
					"$(inherited)",
				);
				GCC_SYMBOLS_PRIVATE_EXTERN = NO;
				GCC_WARN_64_TO_32_BIT_CONVERSION = YES;
				GCC_WARN_ABOUT_RETURN_TYPE = YES_ERROR;
				GCC_WARN_UNDECLARED_SELECTOR = YES;
				GCC_WARN_UNINITIALIZED_AUTOS = YES_AGGRESSIVE;
				GCC_WARN_UNUSED_FUNCTION = YES;
				GCC_WARN_UNUSED_VARIABLE = YES;
				IPHONEOS_DEPLOYMENT_TARGET = 8.3;
				MTL_ENABLE_DEBUG_INFO = YES;
				ONLY_ACTIVE_ARCH = YES;
				SDKROOT = iphoneos;
				SWIFT_OPTIMIZATION_LEVEL = "-Onone";
			};
			name = Debug;
		};
		0CAC86D61AD6BC6C001B6655 /* Release */ = {
			isa = XCBuildConfiguration;
			buildSettings = {
				ALWAYS_SEARCH_USER_PATHS = NO;
				CLANG_CXX_LANGUAGE_STANDARD = "gnu++0x";
				CLANG_CXX_LIBRARY = "libc++";
				CLANG_ENABLE_MODULES = YES;
				CLANG_ENABLE_OBJC_ARC = YES;
				CLANG_WARN_BOOL_CONVERSION = YES;
				CLANG_WARN_CONSTANT_CONVERSION = YES;
				CLANG_WARN_DIRECT_OBJC_ISA_USAGE = YES_ERROR;
				CLANG_WARN_EMPTY_BODY = YES;
				CLANG_WARN_ENUM_CONVERSION = YES;
				CLANG_WARN_INT_CONVERSION = YES;
				CLANG_WARN_OBJC_ROOT_CLASS = YES_ERROR;
				CLANG_WARN_UNREACHABLE_CODE = YES;
				CLANG_WARN__DUPLICATE_METHOD_MATCH = YES;
				"CODE_SIGN_IDENTITY[sdk=iphoneos*]" = "iPhone Developer";
				COPY_PHASE_STRIP = NO;
				DEBUG_INFORMATION_FORMAT = "dwarf-with-dsym";
				ENABLE_NS_ASSERTIONS = NO;
				ENABLE_STRICT_OBJC_MSGSEND = YES;
				GCC_C_LANGUAGE_STANDARD = gnu99;
				GCC_NO_COMMON_BLOCKS = YES;
				GCC_WARN_64_TO_32_BIT_CONVERSION = YES;
				GCC_WARN_ABOUT_RETURN_TYPE = YES_ERROR;
				GCC_WARN_UNDECLARED_SELECTOR = YES;
				GCC_WARN_UNINITIALIZED_AUTOS = YES_AGGRESSIVE;
				GCC_WARN_UNUSED_FUNCTION = YES;
				GCC_WARN_UNUSED_VARIABLE = YES;
				IPHONEOS_DEPLOYMENT_TARGET = 8.3;
				MTL_ENABLE_DEBUG_INFO = NO;
				SDKROOT = iphoneos;
				VALIDATE_PRODUCT = YES;
			};
			name = Release;
		};
		0CAC86D81AD6BC6C001B6655 /* Debug */ = {
			isa = XCBuildConfiguration;
			buildSettings = {
				ASSETCATALOG_COMPILER_APPICON_NAME = AppIcon;
				HEADER_SEARCH_PATHS = (
					"$(inherited)",
					/Applications/Xcode.app/Contents/Developer/Toolchains/XcodeDefault.xctoolchain/usr/include,
				);
				INFOPLIST_FILE = "Student aan Huis App/Info.plist";
				LD_RUNPATH_SEARCH_PATHS = "$(inherited) @executable_path/Frameworks";
				PRODUCT_NAME = "$(TARGET_NAME)";
				SWIFT_OBJC_BRIDGING_HEADER = "";
			};
			name = Debug;
		};
		0CAC86D91AD6BC6C001B6655 /* Release */ = {
			isa = XCBuildConfiguration;
			buildSettings = {
				ASSETCATALOG_COMPILER_APPICON_NAME = AppIcon;
				HEADER_SEARCH_PATHS = (
					"$(inherited)",
					/Applications/Xcode.app/Contents/Developer/Toolchains/XcodeDefault.xctoolchain/usr/include,
				);
				INFOPLIST_FILE = "Student aan Huis App/Info.plist";
				LD_RUNPATH_SEARCH_PATHS = "$(inherited) @executable_path/Frameworks";
				PRODUCT_NAME = "$(TARGET_NAME)";
				SWIFT_OBJC_BRIDGING_HEADER = "";
			};
			name = Release;
		};
		0CAC86DB1AD6BC6C001B6655 /* Debug */ = {
			isa = XCBuildConfiguration;
			buildSettings = {
				BUNDLE_LOADER = "$(TEST_HOST)";
				FRAMEWORK_SEARCH_PATHS = (
					"$(SDKROOT)/Developer/Library/Frameworks",
					"$(inherited)",
				);
				GCC_PREPROCESSOR_DEFINITIONS = (
					"DEBUG=1",
					"$(inherited)",
				);
				INFOPLIST_FILE = "Student aan Huis AppTests/Info.plist";
				LD_RUNPATH_SEARCH_PATHS = "$(inherited) @executable_path/Frameworks @loader_path/Frameworks";
				PRODUCT_NAME = "$(TARGET_NAME)";
				TEST_HOST = "$(BUILT_PRODUCTS_DIR)/Student aan Huis App.app/Student aan Huis App";
			};
			name = Debug;
		};
		0CAC86DC1AD6BC6C001B6655 /* Release */ = {
			isa = XCBuildConfiguration;
			buildSettings = {
				BUNDLE_LOADER = "$(TEST_HOST)";
				FRAMEWORK_SEARCH_PATHS = (
					"$(SDKROOT)/Developer/Library/Frameworks",
					"$(inherited)",
				);
				INFOPLIST_FILE = "Student aan Huis AppTests/Info.plist";
				LD_RUNPATH_SEARCH_PATHS = "$(inherited) @executable_path/Frameworks @loader_path/Frameworks";
				PRODUCT_NAME = "$(TARGET_NAME)";
				TEST_HOST = "$(BUILT_PRODUCTS_DIR)/Student aan Huis App.app/Student aan Huis App";
			};
			name = Release;
		};
/* End XCBuildConfiguration section */

/* Begin XCConfigurationList section */
		0CAC86B11AD6BC6B001B6655 /* Build configuration list for PBXProject "Student aan Huis App" */ = {
			isa = XCConfigurationList;
			buildConfigurations = (
				0CAC86D51AD6BC6C001B6655 /* Debug */,
				0CAC86D61AD6BC6C001B6655 /* Release */,
			);
			defaultConfigurationIsVisible = 0;
			defaultConfigurationName = Release;
		};
		0CAC86D71AD6BC6C001B6655 /* Build configuration list for PBXNativeTarget "Student aan Huis App" */ = {
			isa = XCConfigurationList;
			buildConfigurations = (
				0CAC86D81AD6BC6C001B6655 /* Debug */,
				0CAC86D91AD6BC6C001B6655 /* Release */,
			);
			defaultConfigurationIsVisible = 0;
		};
		0CAC86DA1AD6BC6C001B6655 /* Build configuration list for PBXNativeTarget "Student aan Huis AppTests" */ = {
			isa = XCConfigurationList;
			buildConfigurations = (
				0CAC86DB1AD6BC6C001B6655 /* Debug */,
				0CAC86DC1AD6BC6C001B6655 /* Release */,
			);
			defaultConfigurationIsVisible = 0;
		};
/* End XCConfigurationList section */
	};
	rootObject = 0CAC86AE1AD6BC6B001B6655 /* Project object */;
}
